# THIS IS AN AUTOGENERATED FILE. DO NOT EDIT THIS FILE DIRECTLY.
# yarn lockfile v1


axios@^0.16.2:
  version "0.16.2"
  resolved "https://registry.yarnpkg.com/axios/-/axios-0.16.2.tgz#ba4f92f17167dfbab40983785454b9ac149c3c6d"
  dependencies:
    follow-redirects "^1.2.3"
    is-buffer "^1.1.5"

debug@^3.1.0:
  version "3.1.0"
  resolved "https://registry.yarnpkg.com/debug/-/debug-3.1.0.tgz#5bb5a0672628b64149566ba16819e61518c67261"
  dependencies:
    ms "2.0.0"

dotenv@^4.0.0:
  version "4.0.0"
  resolved "https://registry.yarnpkg.com/dotenv/-/dotenv-4.0.0.tgz#864ef1379aced55ce6f95debecdce179f7a0cd1d"

follow-redirects@^1.2.3:
  version "1.2.6"
  resolved "https://registry.yarnpkg.com/follow-redirects/-/follow-redirects-1.2.6.tgz#4dcdc7e4ab3dd6765a97ff89c3b4c258117c79bf"
  dependencies:
    debug "^3.1.0"

is-buffer@^1.1.5:
  version "1.1.6"
  resolved "https://registry.yarnpkg.com/is-buffer/-/is-buffer-1.1.6.tgz#efaa2ea9daa0d7ab2ea13a97b2b8ad51fefbe8be"

moment-timezone@^0.5.13:
  version "0.5.14"
  resolved "https://registry.yarnpkg.com/moment-timezone/-/moment-timezone-0.5.14.tgz#4eb38ff9538b80108ba467a458f3ed4268ccfcb1"
  dependencies:
    moment ">= 2.9.0"

"moment@>= 2.9.0":
  version "2.20.1"
  resolved "https://registry.yarnpkg.com/moment/-/moment-2.20.1.tgz#d6eb1a46cbcc14a2b2f9434112c1ff8907f313fd"

ms@2.0.0:
  version "2.0.0"
  resolved "https://registry.yarnpkg.com/ms/-/ms-2.0.0.tgz#5608aeadfc00be6c2901df5f9861788de0d597c8"

"zenaton@file:../zenaton-javascript":
  version "0.2.1"
  dependencies:
    axios "^0.16.2"
    dotenv "^4.0.0"
    moment-timezone "^0.5.13"
